lockfileVersion: '6.0'

importers:

  .:
    devDependencies:
      '@jotforminc/zenith':
        specifier: ^0.9.3
        version: 0.9.3

  packages/apps/app1: {}

  packages/apps/app2: {}

  packages/libs/lib1:
    dependencies:
      lib2:
        specifier: workspace:^
        version: link:../lib2

  packages/libs/lib2:
    dependencies:
      lib1:
        specifier: workspace:^
        version: link:../lib1

packages:

  /@aws-crypto/crc32@3.0.0:
    resolution: {integrity: sha512-IzSgsrxUcsrejQbPVilIKy16kAT52EwB6zSaI+M3xxIhKh5+aldEyvI+z6erM7TCLB2BJsFrtHjp6/4/sr+3dA==}
    dependencies:
      '@aws-crypto/util': 3.0.0
      '@aws-sdk/types': 3.310.0
      tslib: 1.14.1
    dev: true

  /@aws-crypto/crc32c@3.0.0:
    resolution: {integrity: sha512-ENNPPManmnVJ4BTXlOjAgD7URidbAznURqD0KvfREyc4o20DPYdEldU1f5cQ7Jbj0CJJSPaMIk/9ZshdB3210w==}
    dependencies:
      '@aws-crypto/util': 3.0.0
      '@aws-sdk/types': 3.310.0
      tslib: 1.14.1
    dev: true

  /@aws-crypto/ie11-detection@3.0.0:
    resolution: {integrity: sha512-341lBBkiY1DfDNKai/wXM3aujNBkXR7tq1URPQDL9wi3AUbI80NR74uF1TXHMm7po1AcnFk8iu2S2IeU/+/A+Q==}
    dependencies:
      tslib: 1.14.1
    dev: true

  /@aws-crypto/sha1-browser@3.0.0:
    resolution: {integrity: sha512-NJth5c997GLHs6nOYTzFKTbYdMNA6/1XlKVgnZoaZcQ7z7UJlOgj2JdbHE8tiYLS3fzXNCguct77SPGat2raSw==}
    dependencies:
      '@aws-crypto/ie11-detection': 3.0.0
      '@aws-crypto/supports-web-crypto': 3.0.0
      '@aws-crypto/util': 3.0.0
      '@aws-sdk/types': 3.310.0
      '@aws-sdk/util-locate-window': 3.310.0
      '@aws-sdk/util-utf8-browser': 3.259.0
      tslib: 1.14.1
    dev: true

  /@aws-crypto/sha256-browser@3.0.0:
    resolution: {integrity: sha512-8VLmW2B+gjFbU5uMeqtQM6Nj0/F1bro80xQXCW6CQBWgosFWXTx77aeOF5CAIAmbOK64SdMBJdNr6J41yP5mvQ==}
    dependencies:
      '@aws-crypto/ie11-detection': 3.0.0
      '@aws-crypto/sha256-js': 3.0.0
      '@aws-crypto/supports-web-crypto': 3.0.0
      '@aws-crypto/util': 3.0.0
      '@aws-sdk/types': 3.310.0
      '@aws-sdk/util-locate-window': 3.310.0
      '@aws-sdk/util-utf8-browser': 3.259.0
      tslib: 1.14.1
    dev: true

  /@aws-crypto/sha256-js@3.0.0:
    resolution: {integrity: sha512-PnNN7os0+yd1XvXAy23CFOmTbMaDxgxXtTKHybrJ39Y8kGzBATgBFibWJKH6BhytLI/Zyszs87xCOBNyBig6vQ==}
    dependencies:
      '@aws-crypto/util': 3.0.0
      '@aws-sdk/types': 3.310.0
      tslib: 1.14.1
    dev: true

  /@aws-crypto/supports-web-crypto@3.0.0:
    resolution: {integrity: sha512-06hBdMwUAb2WFTuGG73LSC0wfPu93xWwo5vL2et9eymgmu3Id5vFAHBbajVWiGhPO37qcsdCap/FqXvJGJWPIg==}
    dependencies:
      tslib: 1.14.1
    dev: true

  /@aws-crypto/util@3.0.0:
    resolution: {integrity: sha512-2OJlpeJpCR48CC8r+uKVChzs9Iungj9wkZrl8Z041DWEWvyIHILYKCPNzJghKsivj+S3mLo6BVc7mBNzdxA46w==}
    dependencies:
      '@aws-sdk/types': 3.310.0
      '@aws-sdk/util-utf8-browser': 3.259.0
      tslib: 1.14.1
    dev: true

  /@aws-sdk/abort-controller@3.310.0:
    resolution: {integrity: sha512-v1zrRQxDLA1MdPim159Vx/CPHqsB4uybSxRi1CnfHO5ZjHryx3a5htW2gdGAykVCul40+yJXvfpufMrELVxH+g==}
    engines: {node: '>=14.0.0'}
    dependencies:
      '@aws-sdk/types': 3.310.0
      tslib: 2.6.0
    dev: true

  /@aws-sdk/chunked-blob-reader@3.310.0:
    resolution: {integrity: sha512-CrJS3exo4mWaLnWxfCH+w88Ou0IcAZSIkk4QbmxiHl/5Dq705OLoxf4385MVyExpqpeVJYOYQ2WaD8i/pQZ2fg==}
    dependencies:
      tslib: 2.6.0
    dev: true

  /@aws-sdk/client-s3@3.326.0:
    resolution: {integrity: sha512-fRlwZoerdRw+xHf6n+xFc0rRDmofjVdJl2hRD+nqXk8IVp5pRbG0OqtJGT/0KRc0Eoobk66+nHvh2dvEPdIGlw==}
    engines: {node: '>=14.0.0'}
    dependencies:
      '@aws-crypto/sha1-browser': 3.0.0
      '@aws-crypto/sha256-browser': 3.0.0
      '@aws-crypto/sha256-js': 3.0.0
      '@aws-sdk/client-sts': 3.326.0
      '@aws-sdk/config-resolver': 3.310.0
      '@aws-sdk/credential-provider-node': 3.326.0
      '@aws-sdk/eventstream-serde-browser': 3.310.0
      '@aws-sdk/eventstream-serde-config-resolver': 3.310.0
      '@aws-sdk/eventstream-serde-node': 3.310.0
      '@aws-sdk/fetch-http-handler': 3.310.0
      '@aws-sdk/hash-blob-browser': 3.310.0
      '@aws-sdk/hash-node': 3.310.0
      '@aws-sdk/hash-stream-node': 3.310.0
      '@aws-sdk/invalid-dependency': 3.310.0
      '@aws-sdk/md5-js': 3.310.0
      '@aws-sdk/middleware-bucket-endpoint': 3.310.0
      '@aws-sdk/middleware-content-length': 3.325.0
      '@aws-sdk/middleware-endpoint': 3.325.0
      '@aws-sdk/middleware-expect-continue': 3.325.0
      '@aws-sdk/middleware-flexible-checksums': 3.326.0
      '@aws-sdk/middleware-host-header': 3.325.0
      '@aws-sdk/middleware-location-constraint': 3.325.0
      '@aws-sdk/middleware-logger': 3.325.0
      '@aws-sdk/middleware-recursion-detection': 3.325.0
      '@aws-sdk/middleware-retry': 3.325.0
      '@aws-sdk/middleware-sdk-s3': 3.326.0
      '@aws-sdk/middleware-serde': 3.325.0
      '@aws-sdk/middleware-signing': 3.325.0
      '@aws-sdk/middleware-ssec': 3.325.0
      '@aws-sdk/middleware-stack': 3.325.0
      '@aws-sdk/middleware-user-agent': 3.325.0
      '@aws-sdk/node-config-provider': 3.310.0
      '@aws-sdk/node-http-handler': 3.321.1
      '@aws-sdk/protocol-http': 3.310.0
      '@aws-sdk/signature-v4-multi-region': 3.310.0
      '@aws-sdk/smithy-client': 3.325.0
      '@aws-sdk/types': 3.310.0
      '@aws-sdk/url-parser': 3.310.0
      '@aws-sdk/util-base64': 3.310.0
      '@aws-sdk/util-body-length-browser': 3.310.0
      '@aws-sdk/util-body-length-node': 3.310.0
      '@aws-sdk/util-defaults-mode-browser': 3.325.0
      '@aws-sdk/util-defaults-mode-node': 3.325.0
      '@aws-sdk/util-endpoints': 3.319.0
      '@aws-sdk/util-retry': 3.310.0
      '@aws-sdk/util-stream-browser': 3.310.0
      '@aws-sdk/util-stream-node': 3.321.1
      '@aws-sdk/util-user-agent-browser': 3.310.0
      '@aws-sdk/util-user-agent-node': 3.310.0
      '@aws-sdk/util-utf8': 3.310.0
      '@aws-sdk/util-waiter': 3.310.0
      '@aws-sdk/xml-builder': 3.310.0
      fast-xml-parser: 4.1.2
      tslib: 2.6.0
    transitivePeerDependencies:
      - '@aws-sdk/signature-v4-crt'
      - aws-crt
    dev: true

  /@aws-sdk/client-sso-oidc@3.326.0:
    resolution: {integrity: sha512-JLxIiWDKYUExYOzsxSPV8nf9w4mmgkkZ495GtSF6YnZhh0Ryxp3yB7KjsEgF3opOVo7uXkkgz4y30GWFzD1pEg==}
    engines: {node: '>=14.0.0'}
    dependencies:
      '@aws-crypto/sha256-browser': 3.0.0
      '@aws-crypto/sha256-js': 3.0.0
      '@aws-sdk/config-resolver': 3.310.0
      '@aws-sdk/fetch-http-handler': 3.310.0
      '@aws-sdk/hash-node': 3.310.0
      '@aws-sdk/invalid-dependency': 3.310.0
      '@aws-sdk/middleware-content-length': 3.325.0
      '@aws-sdk/middleware-endpoint': 3.325.0
      '@aws-sdk/middleware-host-header': 3.325.0
      '@aws-sdk/middleware-logger': 3.325.0
      '@aws-sdk/middleware-recursion-detection': 3.325.0
      '@aws-sdk/middleware-retry': 3.325.0
      '@aws-sdk/middleware-serde': 3.325.0
      '@aws-sdk/middleware-stack': 3.325.0
      '@aws-sdk/middleware-user-agent': 3.325.0
      '@aws-sdk/node-config-provider': 3.310.0
      '@aws-sdk/node-http-handler': 3.321.1
      '@aws-sdk/protocol-http': 3.310.0
      '@aws-sdk/smithy-client': 3.325.0
      '@aws-sdk/types': 3.310.0
      '@aws-sdk/url-parser': 3.310.0
      '@aws-sdk/util-base64': 3.310.0
      '@aws-sdk/util-body-length-browser': 3.310.0
      '@aws-sdk/util-body-length-node': 3.310.0
      '@aws-sdk/util-defaults-mode-browser': 3.325.0
      '@aws-sdk/util-defaults-mode-node': 3.325.0
      '@aws-sdk/util-endpoints': 3.319.0
      '@aws-sdk/util-retry': 3.310.0
      '@aws-sdk/util-user-agent-browser': 3.310.0
      '@aws-sdk/util-user-agent-node': 3.310.0
      '@aws-sdk/util-utf8': 3.310.0
      tslib: 2.6.0
    transitivePeerDependencies:
      - aws-crt
    dev: true

  /@aws-sdk/client-sso@3.326.0:
    resolution: {integrity: sha512-dLV9JyTvalh/0vIMd+eJ93n4lvmXcBqXuSFJkyFnyFN/HAB/zC8XB3ccZ1DbwydWMpyVevW6h8+z2gGcq6mweQ==}
    engines: {node: '>=14.0.0'}
    dependencies:
      '@aws-crypto/sha256-browser': 3.0.0
      '@aws-crypto/sha256-js': 3.0.0
      '@aws-sdk/config-resolver': 3.310.0
      '@aws-sdk/fetch-http-handler': 3.310.0
      '@aws-sdk/hash-node': 3.310.0
      '@aws-sdk/invalid-dependency': 3.310.0
      '@aws-sdk/middleware-content-length': 3.325.0
      '@aws-sdk/middleware-endpoint': 3.325.0
      '@aws-sdk/middleware-host-header': 3.325.0
      '@aws-sdk/middleware-logger': 3.325.0
      '@aws-sdk/middleware-recursion-detection': 3.325.0
      '@aws-sdk/middleware-retry': 3.325.0
      '@aws-sdk/middleware-serde': 3.325.0
      '@aws-sdk/middleware-stack': 3.325.0
      '@aws-sdk/middleware-user-agent': 3.325.0
      '@aws-sdk/node-config-provider': 3.310.0
      '@aws-sdk/node-http-handler': 3.321.1
      '@aws-sdk/protocol-http': 3.310.0
      '@aws-sdk/smithy-client': 3.325.0
      '@aws-sdk/types': 3.310.0
      '@aws-sdk/url-parser': 3.310.0
      '@aws-sdk/util-base64': 3.310.0
      '@aws-sdk/util-body-length-browser': 3.310.0
      '@aws-sdk/util-body-length-node': 3.310.0
      '@aws-sdk/util-defaults-mode-browser': 3.325.0
      '@aws-sdk/util-defaults-mode-node': 3.325.0
      '@aws-sdk/util-endpoints': 3.319.0
      '@aws-sdk/util-retry': 3.310.0
      '@aws-sdk/util-user-agent-browser': 3.310.0
      '@aws-sdk/util-user-agent-node': 3.310.0
      '@aws-sdk/util-utf8': 3.310.0
      tslib: 2.6.0
    transitivePeerDependencies:
      - aws-crt
    dev: true

  /@aws-sdk/client-sts@3.326.0:
    resolution: {integrity: sha512-kVxqOqfoTsObH085AbD6MVdizju03h9bmxDNRXm8ehGtQUDN6B3aqZ78Hp4DryBC87W8SdlehzuRkByW8gQL4A==}
    engines: {node: '>=14.0.0'}
    dependencies:
      '@aws-crypto/sha256-browser': 3.0.0
      '@aws-crypto/sha256-js': 3.0.0
      '@aws-sdk/config-resolver': 3.310.0
      '@aws-sdk/credential-provider-node': 3.326.0
      '@aws-sdk/fetch-http-handler': 3.310.0
      '@aws-sdk/hash-node': 3.310.0
      '@aws-sdk/invalid-dependency': 3.310.0
      '@aws-sdk/middleware-content-length': 3.325.0
      '@aws-sdk/middleware-endpoint': 3.325.0
      '@aws-sdk/middleware-host-header': 3.325.0
      '@aws-sdk/middleware-logger': 3.325.0
      '@aws-sdk/middleware-recursion-detection': 3.325.0
      '@aws-sdk/middleware-retry': 3.325.0
      '@aws-sdk/middleware-sdk-sts': 3.326.0
      '@aws-sdk/middleware-serde': 3.325.0
      '@aws-sdk/middleware-signing': 3.325.0
      '@aws-sdk/middleware-stack': 3.325.0
      '@aws-sdk/middleware-user-agent': 3.325.0
      '@aws-sdk/node-config-provider': 3.310.0
      '@aws-sdk/node-http-handler': 3.321.1
      '@aws-sdk/protocol-http': 3.310.0
      '@aws-sdk/smithy-client': 3.325.0
      '@aws-sdk/types': 3.310.0
      '@aws-sdk/url-parser': 3.310.0
      '@aws-sdk/util-base64': 3.310.0
      '@aws-sdk/util-body-length-browser': 3.310.0
      '@aws-sdk/util-body-length-node': 3.310.0
      '@aws-sdk/util-defaults-mode-browser': 3.325.0
      '@aws-sdk/util-defaults-mode-node': 3.325.0
      '@aws-sdk/util-endpoints': 3.319.0
      '@aws-sdk/util-retry': 3.310.0
      '@aws-sdk/util-user-agent-browser': 3.310.0
      '@aws-sdk/util-user-agent-node': 3.310.0
      '@aws-sdk/util-utf8': 3.310.0
      fast-xml-parser: 4.1.2
      tslib: 2.6.0
    transitivePeerDependencies:
      - aws-crt
    dev: true

  /@aws-sdk/config-resolver@3.310.0:
    resolution: {integrity: sha512-8vsT+/50lOqfDxka9m/rRt6oxv1WuGZoP8oPMk0Dt+TxXMbAzf4+rejBgiB96wshI1k3gLokYRjSQZn+dDtT8g==}
    engines: {node: '>=14.0.0'}
    dependencies:
      '@aws-sdk/types': 3.310.0
      '@aws-sdk/util-config-provider': 3.310.0
      '@aws-sdk/util-middleware': 3.310.0
      tslib: 2.6.0
    dev: true

  /@aws-sdk/credential-provider-env@3.310.0:
    resolution: {integrity: sha512-vvIPQpI16fj95xwS7M3D48F7QhZJBnnCgB5lR+b7So+vsG9ibm1mZRVGzVpdxCvgyOhHFbvrby9aalNJmmIP1A==}
    engines: {node: '>=14.0.0'}
    dependencies:
      '@aws-sdk/property-provider': 3.310.0
      '@aws-sdk/types': 3.310.0
      tslib: 2.6.0
    dev: true

  /@aws-sdk/credential-provider-imds@3.310.0:
    resolution: {integrity: sha512-baxK7Zp6dai5AGW01FIW27xS2KAaPUmKLIXv5SvFYsUgXXvNW55im4uG3b+2gA0F7V+hXvVBH08OEqmwW6we5w==}
    engines: {node: '>=14.0.0'}
    dependencies:
      '@aws-sdk/node-config-provider': 3.310.0
      '@aws-sdk/property-provider': 3.310.0
      '@aws-sdk/types': 3.310.0
      '@aws-sdk/url-parser': 3.310.0
      tslib: 2.6.0
    dev: true

  /@aws-sdk/credential-provider-ini@3.326.0:
    resolution: {integrity: sha512-6iaDk2W1HOtQMMynbSy3VHumfGG8jkbAZ0tXPAbIXxN7w65GObOsamOkUBRp+Y6A+JuZYJyu1CRFHASENluJOA==}
    engines: {node: '>=14.0.0'}
    dependencies:
      '@aws-sdk/credential-provider-env': 3.310.0
      '@aws-sdk/credential-provider-imds': 3.310.0
      '@aws-sdk/credential-provider-process': 3.310.0
      '@aws-sdk/credential-provider-sso': 3.326.0
      '@aws-sdk/credential-provider-web-identity': 3.310.0
      '@aws-sdk/property-provider': 3.310.0
      '@aws-sdk/shared-ini-file-loader': 3.310.0
      '@aws-sdk/types': 3.310.0
      tslib: 2.6.0
    transitivePeerDependencies:
      - aws-crt
    dev: true

  /@aws-sdk/credential-provider-node@3.326.0:
    resolution: {integrity: sha512-7wopivXUgx5rcUSSUD4Zf5UQtFZEw/AFh1/DBjA/gWFjwKVdNUN0WxciV3g7zhIhZp2ffe4hTtlmHl3GuDR+zA==}
    engines: {node: '>=14.0.0'}
    dependencies:
      '@aws-sdk/credential-provider-env': 3.310.0
      '@aws-sdk/credential-provider-imds': 3.310.0
      '@aws-sdk/credential-provider-ini': 3.326.0
      '@aws-sdk/credential-provider-process': 3.310.0
      '@aws-sdk/credential-provider-sso': 3.326.0
      '@aws-sdk/credential-provider-web-identity': 3.310.0
      '@aws-sdk/property-provider': 3.310.0
      '@aws-sdk/shared-ini-file-loader': 3.310.0
      '@aws-sdk/types': 3.310.0
      tslib: 2.6.0
    transitivePeerDependencies:
      - aws-crt
    dev: true

  /@aws-sdk/credential-provider-process@3.310.0:
    resolution: {integrity: sha512-h73sg6GPMUWC+3zMCbA1nZ2O03nNJt7G96JdmnantiXBwHpRKWW8nBTLzx5uhXn6hTuTaoQRP/P+oxQJKYdMmA==}
    engines: {node: '>=14.0.0'}
    dependencies:
      '@aws-sdk/property-provider': 3.310.0
      '@aws-sdk/shared-ini-file-loader': 3.310.0
      '@aws-sdk/types': 3.310.0
      tslib: 2.6.0
    dev: true

  /@aws-sdk/credential-provider-sso@3.326.0:
    resolution: {integrity: sha512-GYCcFH6wsXdV6ULYUC5oZDtigaoPdDxOG8/ny1QQvNCo0MhQ35v+2xYf+84FgtQDPba0B/or4ErzHdPkPHM39g==}
    engines: {node: '>=14.0.0'}
    dependencies:
      '@aws-sdk/client-sso': 3.326.0
      '@aws-sdk/property-provider': 3.310.0
      '@aws-sdk/shared-ini-file-loader': 3.310.0
      '@aws-sdk/token-providers': 3.326.0
      '@aws-sdk/types': 3.310.0
      tslib: 2.6.0
    transitivePeerDependencies:
      - aws-crt
    dev: true

  /@aws-sdk/credential-provider-web-identity@3.310.0:
    resolution: {integrity: sha512-H4SzuZXILNhK6/IR1uVvsUDZvzc051hem7GLyYghBCu8mU+tq28YhKE8MfSroi6eL2e5Vujloij1OM2EQQkPkw==}
    engines: {node: '>=14.0.0'}
    dependencies:
      '@aws-sdk/property-provider': 3.310.0
      '@aws-sdk/types': 3.310.0
      tslib: 2.6.0
    dev: true

  /@aws-sdk/eventstream-codec@3.310.0:
    resolution: {integrity: sha512-clIeSgWbZbxwtsxZ/yoedNM0/kJFSIjjHPikuDGhxhqc+vP6TN3oYyVMFrYwFaTFhk2+S5wZcWYMw8Op1pWo+A==}
    dependencies:
      '@aws-crypto/crc32': 3.0.0
      '@aws-sdk/types': 3.310.0
      '@aws-sdk/util-hex-encoding': 3.310.0
      tslib: 2.6.0
    dev: true

  /@aws-sdk/eventstream-serde-browser@3.310.0:
    resolution: {integrity: sha512-3S6ziuQVALgEyz0TANGtYDVeG8ArK4Y05mcgrs8qUTmsvlDIXX37cR/DvmVbNB76M4IrsZeSAIajL9644CywkA==}
    engines: {node: '>=14.0.0'}
    dependencies:
      '@aws-sdk/eventstream-serde-universal': 3.310.0
      '@aws-sdk/types': 3.310.0
      tslib: 2.6.0
    dev: true

  /@aws-sdk/eventstream-serde-config-resolver@3.310.0:
    resolution: {integrity: sha512-8s1Qdn9STj+sV75nUp9yt0W6fHS4BZ2jTm4Z/1Pcbvh2Gqs0WjH5n2StS+pDW5Y9J/HSGBl0ogmUr5lC5bXFHg==}
    engines: {node: '>=14.0.0'}
    dependencies:
      '@aws-sdk/types': 3.310.0
      tslib: 2.6.0
    dev: true

  /@aws-sdk/eventstream-serde-node@3.310.0:
    resolution: {integrity: sha512-kSnRomCgW43K9TmQYuwN9+AoYPnhyOKroanUMyZEzJk7rpCPMj4OzaUpXfDYOvznFNYn7NLaH6nHLJAr0VPlJA==}
    engines: {node: '>=14.0.0'}
    dependencies:
      '@aws-sdk/eventstream-serde-universal': 3.310.0
      '@aws-sdk/types': 3.310.0
      tslib: 2.6.0
    dev: true

  /@aws-sdk/eventstream-serde-universal@3.310.0:
    resolution: {integrity: sha512-Qyjt5k/waV5cDukpgT824ISZAz5U0pwzLz5ztR409u85AGNkF/9n7MS+LSyBUBSb0WJ5pUeSD47WBk+nLq9Nhw==}
    engines: {node: '>=14.0.0'}
    dependencies:
      '@aws-sdk/eventstream-codec': 3.310.0
      '@aws-sdk/types': 3.310.0
      tslib: 2.6.0
    dev: true

  /@aws-sdk/fetch-http-handler@3.310.0:
    resolution: {integrity: sha512-Bi9vIwzdkw1zMcvi/zGzlWS9KfIEnAq4NNhsnCxbQ4OoIRU9wvU+WGZdBBhxg0ZxZmpp1j1aZhU53lLjA07MHw==}
    dependencies:
      '@aws-sdk/protocol-http': 3.310.0
      '@aws-sdk/querystring-builder': 3.310.0
      '@aws-sdk/types': 3.310.0
      '@aws-sdk/util-base64': 3.310.0
      tslib: 2.6.0
    dev: true

  /@aws-sdk/hash-blob-browser@3.310.0:
    resolution: {integrity: sha512-OoR8p0cbypToysLT0v3o2oyjy6+DKrY7GNCAzHOHJK9xmqXCt+DsjKoPeiY7o1sWX2aN6Plmvubj/zWxMKEn/A==}
    dependencies:
      '@aws-sdk/chunked-blob-reader': 3.310.0
      '@aws-sdk/types': 3.310.0
      tslib: 2.6.0
    dev: true

  /@aws-sdk/hash-node@3.310.0:
    resolution: {integrity: sha512-NvE2fhRc8GRwCXBfDehxVAWCmVwVMILliAKVPAEr4yz2CkYs0tqU51S48x23dtna07H4qHtgpeNqVTthcIQOEQ==}
    engines: {node: '>=14.0.0'}
    dependencies:
      '@aws-sdk/types': 3.310.0
      '@aws-sdk/util-buffer-from': 3.310.0
      '@aws-sdk/util-utf8': 3.310.0
      tslib: 2.6.0
    dev: true

  /@aws-sdk/hash-stream-node@3.310.0:
    resolution: {integrity: sha512-ZoXdybNgvMz1Hl6k/e32xVL3jmG5p2IEk5mTtLfFEuskTJ74Z+VMYKkkF1whyy7KQfH83H+TQGnsGtlRCchQKw==}
    engines: {node: '>=14.0.0'}
    dependencies:
      '@aws-sdk/types': 3.310.0
      '@aws-sdk/util-utf8': 3.310.0
      tslib: 2.6.0
    dev: true

  /@aws-sdk/invalid-dependency@3.310.0:
    resolution: {integrity: sha512-1s5RG5rSPXoa/aZ/Kqr5U/7lqpx+Ry81GprQ2bxWqJvWQIJ0IRUwo5pk8XFxbKVr/2a+4lZT/c3OGoBOM1yRRA==}
    dependencies:
      '@aws-sdk/types': 3.310.0
      tslib: 2.6.0
    dev: true

  /@aws-sdk/is-array-buffer@3.310.0:
    resolution: {integrity: sha512-urnbcCR+h9NWUnmOtet/s4ghvzsidFmspfhYaHAmSRdy9yDjdjBJMFjjsn85A1ODUktztm+cVncXjQ38WCMjMQ==}
    engines: {node: '>=14.0.0'}
    dependencies:
      tslib: 2.6.0
    dev: true

  /@aws-sdk/md5-js@3.310.0:
    resolution: {integrity: sha512-x5sRBUrEfLWAS1EhwbbDQ7cXq6uvBxh3qR2XAsnGvFFceTeAadk7cVogWxlk3PC+OCeeym7c3/6Bv2HQ2f1YyQ==}
    dependencies:
      '@aws-sdk/types': 3.310.0
      '@aws-sdk/util-utf8': 3.310.0
      tslib: 2.6.0
    dev: true

  /@aws-sdk/middleware-bucket-endpoint@3.310.0:
    resolution: {integrity: sha512-uJJfHI7v4AgbJZRLtyI8ap2QRWkBokGc3iyUoQ+dVNT3/CE2ZCu694A6W+H0dRqg79dIE+f9CRNdtLGa/Ehhvg==}
    engines: {node: '>=14.0.0'}
    dependencies:
      '@aws-sdk/protocol-http': 3.310.0
      '@aws-sdk/types': 3.310.0
      '@aws-sdk/util-arn-parser': 3.310.0
      '@aws-sdk/util-config-provider': 3.310.0
      tslib: 2.6.0
    dev: true

  /@aws-sdk/middleware-content-length@3.325.0:
    resolution: {integrity: sha512-t38VBKCpNqSKqSu0OfWMJs7cwaRHFGQxIF9lV8JMCM/2lyUpN4JcfuzSTK+MFN2eDZEHp5DiNg8w07GXXusRYg==}
    engines: {node: '>=14.0.0'}
    dependencies:
      '@aws-sdk/protocol-http': 3.310.0
      '@aws-sdk/types': 3.310.0
      tslib: 2.6.0
    dev: true

  /@aws-sdk/middleware-endpoint@3.325.0:
    resolution: {integrity: sha512-3CavuOHCKiWUnCtzrUFbhbEP26qIgzzRs5C3vpOJhDUhugBubIWgPGGRLpbnIro+P4XJPwM3pMziNzhKVuSDlQ==}
    engines: {node: '>=14.0.0'}
    dependencies:
      '@aws-sdk/middleware-serde': 3.325.0
      '@aws-sdk/types': 3.310.0
      '@aws-sdk/url-parser': 3.310.0
      '@aws-sdk/util-middleware': 3.310.0
      tslib: 2.6.0
    dev: true

  /@aws-sdk/middleware-expect-continue@3.325.0:
    resolution: {integrity: sha512-Hj4D+zeet4gdUpSiMeHZfIzcnXkZI2krGyUw4U1psPzCqOp7WP5307g+1NWXOlVu3H3tF5r3rEgthQOQj2zNfA==}
    engines: {node: '>=14.0.0'}
    dependencies:
      '@aws-sdk/protocol-http': 3.310.0
      '@aws-sdk/types': 3.310.0
      tslib: 2.6.0
    dev: true

  /@aws-sdk/middleware-flexible-checksums@3.326.0:
    resolution: {integrity: sha512-MtcvSU+wKu4/a/trIJmb4Tfb682U9uP5YYA5aXzdhxOxG11wj86uBIeQrdbUxhtTXMgmvwn1193dvTi91EUEaQ==}
    engines: {node: '>=14.0.0'}
    dependencies:
      '@aws-crypto/crc32': 3.0.0
      '@aws-crypto/crc32c': 3.0.0
      '@aws-sdk/is-array-buffer': 3.310.0
      '@aws-sdk/protocol-http': 3.310.0
      '@aws-sdk/types': 3.310.0
      '@aws-sdk/util-utf8': 3.310.0
      tslib: 2.6.0
    dev: true

  /@aws-sdk/middleware-host-header@3.325.0:
    resolution: {integrity: sha512-IN28gsxcRy4J+FxxCHvzb2NORBx8uMA+h9QYS4BBZfpKVYIZh+mudHgYcdNHWlKXmlTGjhWBNWTeByhzuSKAiA==}
    engines: {node: '>=14.0.0'}
    dependencies:
      '@aws-sdk/protocol-http': 3.310.0
      '@aws-sdk/types': 3.310.0
      tslib: 2.6.0
    dev: true

  /@aws-sdk/middleware-location-constraint@3.325.0:
    resolution: {integrity: sha512-T2OrpXXY9I1nHvIGSlQD6qj1FDG3WDFSu65+Bh4pMl+zVh0IqIEajiK++TfrdQl+sJxRGQd/euoeXXL4JYw9JA==}
    engines: {node: '>=14.0.0'}
    dependencies:
      '@aws-sdk/types': 3.310.0
      tslib: 2.6.0
    dev: true

  /@aws-sdk/middleware-logger@3.325.0:
    resolution: {integrity: sha512-S8rWgTpN2b/+UDDm+yZMFM6rw1zwO8KT0GAIQbAhB96shyD5eKen/UfihCTB7YMvbD2piebymwJTvxv6bn1VqQ==}
    engines: {node: '>=14.0.0'}
    dependencies:
      '@aws-sdk/types': 3.310.0
      tslib: 2.6.0
    dev: true

  /@aws-sdk/middleware-recursion-detection@3.325.0:
    resolution: {integrity: sha512-2l1ABF7KePsoKz8KaNvD2uxo1zHqkFHK4PL/wW/FbcwOcE08f0R7qX++st/bPpVjXX/j/5vWTnNNgJOIOrZhyw==}
    engines: {node: '>=14.0.0'}
    dependencies:
      '@aws-sdk/protocol-http': 3.310.0
      '@aws-sdk/types': 3.310.0
      tslib: 2.6.0
    dev: true

  /@aws-sdk/middleware-retry@3.325.0:
    resolution: {integrity: sha512-oQM5AI3vkNQuCakBMgdohOcvRnVYcBBlv+KzCCj07ue9gk0x2dHOZY2pqTQ2CYilRqS/X1PtLogJXoyHP5Wvwg==}
    engines: {node: '>=14.0.0'}
    dependencies:
      '@aws-sdk/protocol-http': 3.310.0
      '@aws-sdk/service-error-classification': 3.310.0
      '@aws-sdk/types': 3.310.0
      '@aws-sdk/util-middleware': 3.310.0
      '@aws-sdk/util-retry': 3.310.0
      tslib: 2.6.0
      uuid: 8.3.2
    dev: true

  /@aws-sdk/middleware-sdk-s3@3.326.0:
    resolution: {integrity: sha512-IyonHEiDMn0fdYWxA/TAnNj8M/xG5EJWvoOKcakl891f+JPaWeRsV2oE1fIjqM/waM3jqNXLDTrm06QfAYmgBQ==}
    engines: {node: '>=14.0.0'}
    dependencies:
      '@aws-sdk/protocol-http': 3.310.0
      '@aws-sdk/types': 3.310.0
      '@aws-sdk/util-arn-parser': 3.310.0
      tslib: 2.6.0
    dev: true

  /@aws-sdk/middleware-sdk-sts@3.326.0:
    resolution: {integrity: sha512-suOkuXxyAfOH0hznK63ZU10EoytKX5YPs9amO416VbgYFtuIeliCmntYfnl1jUvutp0fctGGpEGE9OnoYI+fhw==}
    engines: {node: '>=14.0.0'}
    dependencies:
      '@aws-sdk/middleware-signing': 3.325.0
      '@aws-sdk/types': 3.310.0
      tslib: 2.6.0
    dev: true

  /@aws-sdk/middleware-serde@3.325.0:
    resolution: {integrity: sha512-QAZYaFfAw1a06Vg39JiYIq0kSJ6EuUPOiKfK/Goj0cBv78lrXWuKdf04UF3U8Rqk/4mamnsTqUSwf4NoKkF0hw==}
    engines: {node: '>=14.0.0'}
    dependencies:
      '@aws-sdk/types': 3.310.0
      tslib: 2.6.0
    dev: true

  /@aws-sdk/middleware-signing@3.325.0:
    resolution: {integrity: sha512-SOwPwaCE3vSCGwFzkIlnOUSkeCUzKTyIQnFVjlQkqGuMxMX/iDaQQGaX+HUbuGIuULCEQqjZH4dLKZcor8eVZw==}
    engines: {node: '>=14.0.0'}
    dependencies:
      '@aws-sdk/property-provider': 3.310.0
      '@aws-sdk/protocol-http': 3.310.0
      '@aws-sdk/signature-v4': 3.310.0
      '@aws-sdk/types': 3.310.0
      '@aws-sdk/util-middleware': 3.310.0
      tslib: 2.6.0
    dev: true

  /@aws-sdk/middleware-ssec@3.325.0:
    resolution: {integrity: sha512-hxmvvWVfVrbfUw8pDEPlsR6Sb+IUdhq0cOJc7SL5XO9ddRXJ5DjT2Z2ao9FB424hJgAcOrqIO5ECjdIRs+O4FQ==}
    engines: {node: '>=14.0.0'}
    dependencies:
      '@aws-sdk/types': 3.310.0
      tslib: 2.6.0
    dev: true

  /@aws-sdk/middleware-stack@3.325.0:
    resolution: {integrity: sha512-cZWehA4grGvX1IKlY9atJgD0bq3ew7YRJgY7GA6DSgsU7GrZ61Qvi+H7IuGx5AdeAwaTnbnTGN4qCaA2EfxNhA==}
    engines: {node: '>=14.0.0'}
    dependencies:
      tslib: 2.6.0
    dev: true

  /@aws-sdk/middleware-user-agent@3.325.0:
    resolution: {integrity: sha512-2aIdGId4o8eIStm1J1aWZwNDf6nvrwg5Nx7BomLAxKZ4lkH8knzXDtxaZR4ElcTsBlBcYxz2gbsrScMyKRDTGA==}
    engines: {node: '>=14.0.0'}
    dependencies:
      '@aws-sdk/protocol-http': 3.310.0
      '@aws-sdk/types': 3.310.0
      '@aws-sdk/util-endpoints': 3.319.0
      tslib: 2.6.0
    dev: true

  /@aws-sdk/node-config-provider@3.310.0:
    resolution: {integrity: sha512-T/Pp6htc6hq/Cq+MLNDSyiwWCMVF6GqbBbXKVlO5L8rdHx4sq9xPdoPveZhGWrxvkanjA6eCwUp6E0riBOSVng==}
    engines: {node: '>=14.0.0'}
    dependencies:
      '@aws-sdk/property-provider': 3.310.0
      '@aws-sdk/shared-ini-file-loader': 3.310.0
      '@aws-sdk/types': 3.310.0
      tslib: 2.6.0
    dev: true

  /@aws-sdk/node-http-handler@3.321.1:
    resolution: {integrity: sha512-DdQBrtFFDNtzphJIN3s93Vf+qd9LHSzH6WTQRrWoXhTDMHDzSI2Cn+c5KWfk89Nggp/n3+OTwUPQeCiBT5EBuw==}
    engines: {node: '>=14.0.0'}
    dependencies:
      '@aws-sdk/abort-controller': 3.310.0
      '@aws-sdk/protocol-http': 3.310.0
      '@aws-sdk/querystring-builder': 3.310.0
      '@aws-sdk/types': 3.310.0
      tslib: 2.6.0
    dev: true

  /@aws-sdk/property-provider@3.310.0:
    resolution: {integrity: sha512-3lxDb0akV6BBzmFe4nLPaoliQbAifyWJhuvuDOu7e8NzouvpQXs0275w9LePhhcgjKAEVXUIse05ZW2DLbxo/g==}
    engines: {node: '>=14.0.0'}
    dependencies:
      '@aws-sdk/types': 3.310.0
      tslib: 2.6.0
    dev: true

  /@aws-sdk/protocol-http@3.310.0:
    resolution: {integrity: sha512-fgZ1aw/irQtnrsR58pS8ThKOWo57Py3xX6giRvwSgZDEcxHfVzuQjy9yPuV++v04fdmdtgpbGf8WfvAAJ11yXQ==}
    engines: {node: '>=14.0.0'}
    dependencies:
      '@aws-sdk/types': 3.310.0
      tslib: 2.6.0
    dev: true

  /@aws-sdk/querystring-builder@3.310.0:
    resolution: {integrity: sha512-ZHH8GV/80+pWGo7DzsvwvXR5xVxUHXUvPJPFAkhr6nCf78igdoF8gR10ScFoEKbtEapoNTaZlKHPXxpD8aPG7A==}
    engines: {node: '>=14.0.0'}
    dependencies:
      '@aws-sdk/types': 3.310.0
      '@aws-sdk/util-uri-escape': 3.310.0
      tslib: 2.6.0
    dev: true

  /@aws-sdk/querystring-parser@3.310.0:
    resolution: {integrity: sha512-YkIznoP6lsiIUHinx++/lbb3tlMURGGqMpo0Pnn32zYzGrJXA6eC3D0as2EcMjo55onTfuLcIiX4qzXes2MYOA==}
    engines: {node: '>=14.0.0'}
    dependencies:
      '@aws-sdk/types': 3.310.0
      tslib: 2.6.0
    dev: true

  /@aws-sdk/service-error-classification@3.310.0:
    resolution: {integrity: sha512-PuyC7k3qfIKeH2LCnDwbttMOKq3qAx4buvg0yfnJtQOz6t1AR8gsnAq0CjKXXyfkXwNKWTqCpE6lVNUIkXgsMw==}
    engines: {node: '>=14.0.0'}
    dev: true

  /@aws-sdk/shared-ini-file-loader@3.310.0:
    resolution: {integrity: sha512-N0q9pG0xSjQwc690YQND5bofm+4nfUviQ/Ppgan2kU6aU0WUq8KwgHJBto/YEEI+VlrME30jZJnxtOvcZJc2XA==}
    engines: {node: '>=14.0.0'}
    dependencies:
      '@aws-sdk/types': 3.310.0
      tslib: 2.6.0
    dev: true

  /@aws-sdk/signature-v4-multi-region@3.310.0:
    resolution: {integrity: sha512-q8W+RIomTS/q85Ntgks/CoDElwqkC9+4OCicee5YznNHjQ4gtNWhUkYIyIRWRmXa/qx/AUreW9DM8FAecCOdng==}
    engines: {node: '>=14.0.0'}
    peerDependencies:
      '@aws-sdk/signature-v4-crt': ^3.118.0
    peerDependenciesMeta:
      '@aws-sdk/signature-v4-crt':
        optional: true
    dependencies:
      '@aws-sdk/protocol-http': 3.310.0
      '@aws-sdk/signature-v4': 3.310.0
      '@aws-sdk/types': 3.310.0
      tslib: 2.6.0
    dev: true

  /@aws-sdk/signature-v4@3.310.0:
    resolution: {integrity: sha512-1M60P1ZBNAjCFv9sYW29OF6okktaeibWyW3lMXqzoHF70lHBZh+838iUchznXUA5FLabfn4jBFWMRxlAXJUY2Q==}
    engines: {node: '>=14.0.0'}
    dependencies:
      '@aws-sdk/is-array-buffer': 3.310.0
      '@aws-sdk/types': 3.310.0
      '@aws-sdk/util-hex-encoding': 3.310.0
      '@aws-sdk/util-middleware': 3.310.0
      '@aws-sdk/util-uri-escape': 3.310.0
      '@aws-sdk/util-utf8': 3.310.0
      tslib: 2.6.0
    dev: true

  /@aws-sdk/smithy-client@3.325.0:
    resolution: {integrity: sha512-sqDFuhjxd8+Q9qI8MmXe/g1/FgoViwetv14K+bpHK7pGlOIvDyT7TboDNClfgqSLdgTDCEaoC3JRSi9Y5RgbmA==}
    engines: {node: '>=14.0.0'}
    dependencies:
      '@aws-sdk/middleware-stack': 3.325.0
      '@aws-sdk/types': 3.310.0
      tslib: 2.6.0
    dev: true

  /@aws-sdk/token-providers@3.326.0:
    resolution: {integrity: sha512-Ghe4K6KgMWb5sx5HUzshJGjTMHUbzrxrjCwpEj2DHSMFivpy6LADS0+Ch3WR7w9CIu2V2tK20YrCPj4JC64dvA==}
    engines: {node: '>=14.0.0'}
    dependencies:
      '@aws-sdk/client-sso-oidc': 3.326.0
      '@aws-sdk/property-provider': 3.310.0
      '@aws-sdk/shared-ini-file-loader': 3.310.0
      '@aws-sdk/types': 3.310.0
      tslib: 2.6.0
    transitivePeerDependencies:
      - aws-crt
    dev: true

  /@aws-sdk/types@3.310.0:
    resolution: {integrity: sha512-j8eamQJ7YcIhw7fneUfs8LYl3t01k4uHi4ZDmNRgtbmbmTTG3FZc2MotStZnp3nZB6vLiPF1o5aoJxWVvkzS6A==}
    engines: {node: '>=14.0.0'}
    dependencies:
      tslib: 2.6.0
    dev: true

  /@aws-sdk/url-parser@3.310.0:
    resolution: {integrity: sha512-mCLnCaSB9rQvAgx33u0DujLvr4d5yEm/W5r789GblwwQnlNXedVu50QRizMLTpltYWyAUoXjJgQnJHmJMaKXhw==}
    dependencies:
      '@aws-sdk/querystring-parser': 3.310.0
      '@aws-sdk/types': 3.310.0
      tslib: 2.6.0
    dev: true

  /@aws-sdk/util-arn-parser@3.310.0:
    resolution: {integrity: sha512-jL8509owp/xB9+Or0pvn3Fe+b94qfklc2yPowZZIFAkFcCSIdkIglz18cPDWnYAcy9JGewpMS1COXKIUhZkJsA==}
    engines: {node: '>=14.0.0'}
    dependencies:
      tslib: 2.6.0
    dev: true

  /@aws-sdk/util-base64@3.310.0:
    resolution: {integrity: sha512-v3+HBKQvqgdzcbL+pFswlx5HQsd9L6ZTlyPVL2LS9nNXnCcR3XgGz9jRskikRUuUvUXtkSG1J88GAOnJ/apTPg==}
    engines: {node: '>=14.0.0'}
    dependencies:
      '@aws-sdk/util-buffer-from': 3.310.0
      tslib: 2.6.0
    dev: true

  /@aws-sdk/util-body-length-browser@3.310.0:
    resolution: {integrity: sha512-sxsC3lPBGfpHtNTUoGXMQXLwjmR0zVpx0rSvzTPAuoVILVsp5AU/w5FphNPxD5OVIjNbZv9KsKTuvNTiZjDp9g==}
    dependencies:
      tslib: 2.6.0
    dev: true

  /@aws-sdk/util-body-length-node@3.310.0:
    resolution: {integrity: sha512-2tqGXdyKhyA6w4zz7UPoS8Ip+7sayOg9BwHNidiGm2ikbDxm1YrCfYXvCBdwaJxa4hJfRVz+aL9e+d3GqPI9pQ==}
    engines: {node: '>=14.0.0'}
    dependencies:
      tslib: 2.6.0
    dev: true

  /@aws-sdk/util-buffer-from@3.310.0:
    resolution: {integrity: sha512-i6LVeXFtGih5Zs8enLrt+ExXY92QV25jtEnTKHsmlFqFAuL3VBeod6boeMXkN2p9lbSVVQ1sAOOYZOHYbYkntw==}
    engines: {node: '>=14.0.0'}
    dependencies:
      '@aws-sdk/is-array-buffer': 3.310.0
      tslib: 2.6.0
    dev: true

  /@aws-sdk/util-config-provider@3.310.0:
    resolution: {integrity: sha512-xIBaYo8dwiojCw8vnUcIL4Z5tyfb1v3yjqyJKJWV/dqKUFOOS0U591plmXbM+M/QkXyML3ypon1f8+BoaDExrg==}
    engines: {node: '>=14.0.0'}
    dependencies:
      tslib: 2.6.0
    dev: true

  /@aws-sdk/util-defaults-mode-browser@3.325.0:
    resolution: {integrity: sha512-gcowpXTo8E8N3jxD2KW+csiicJ7HPkhWnpL925xgwe0oq091OpATsKFrBOL18h72VfRWf4FAsR9lVwxSQ78zSA==}
    engines: {node: '>= 10.0.0'}
    dependencies:
      '@aws-sdk/property-provider': 3.310.0
      '@aws-sdk/types': 3.310.0
      bowser: 2.11.0
      tslib: 2.6.0
    dev: true

  /@aws-sdk/util-defaults-mode-node@3.325.0:
    resolution: {integrity: sha512-/5uoOrgNxoUxv3AwsdXjMA3f6KJA6fi69otA0RiINjilCdcbOxq5GI11AFEyRio/+e+imriX4+UYjsguUR+f4g==}
    engines: {node: '>= 10.0.0'}
    dependencies:
      '@aws-sdk/config-resolver': 3.310.0
      '@aws-sdk/credential-provider-imds': 3.310.0
      '@aws-sdk/node-config-provider': 3.310.0
      '@aws-sdk/property-provider': 3.310.0
      '@aws-sdk/types': 3.310.0
      tslib: 2.6.0
    dev: true

  /@aws-sdk/util-endpoints@3.319.0:
    resolution: {integrity: sha512-3I64UMoYA2e2++oOUJXRcFtYLpLylnZFRltWfPo1B3dLlf+MIWat9djT+mMus+hW1ntLsvAIVu1hLVePJC0gvw==}
    engines: {node: '>=14.0.0'}
    dependencies:
      '@aws-sdk/types': 3.310.0
      tslib: 2.6.0
    dev: true

  /@aws-sdk/util-hex-encoding@3.310.0:
    resolution: {integrity: sha512-sVN7mcCCDSJ67pI1ZMtk84SKGqyix6/0A1Ab163YKn+lFBQRMKexleZzpYzNGxYzmQS6VanP/cfU7NiLQOaSfA==}
    engines: {node: '>=14.0.0'}
    dependencies:
      tslib: 2.6.0
    dev: true

  /@aws-sdk/util-locate-window@3.310.0:
    resolution: {integrity: sha512-qo2t/vBTnoXpjKxlsC2e1gBrRm80M3bId27r0BRB2VniSSe7bL1mmzM+/HFtujm0iAxtPM+aLEflLJlJeDPg0w==}
    engines: {node: '>=14.0.0'}
    dependencies:
      tslib: 2.6.0
    dev: true

  /@aws-sdk/util-middleware@3.310.0:
    resolution: {integrity: sha512-FTSUKL/eRb9X6uEZClrTe27QFXUNNp7fxYrPndZwk1hlaOP5ix+MIHBcI7pIiiY/JPfOUmPyZOu+HetlFXjWog==}
    engines: {node: '>=14.0.0'}
    dependencies:
      tslib: 2.6.0
    dev: true

  /@aws-sdk/util-retry@3.310.0:
    resolution: {integrity: sha512-FwWGhCBLfoivTMUHu1LIn4NjrN9JLJ/aX5aZmbcPIOhZVFJj638j0qDgZXyfvVqBuBZh7M8kGq0Oahy3dp69OA==}
    engines: {node: '>= 14.0.0'}
    dependencies:
      '@aws-sdk/service-error-classification': 3.310.0
      tslib: 2.6.0
    dev: true

  /@aws-sdk/util-stream-browser@3.310.0:
    resolution: {integrity: sha512-bysXZHwFwvbqOTCScCdCnoLk1K3GCo0HRIYEZuL7O7MHrQmfaYRXcaft/p22+GUv9VeFXS/eJJZ5r4u32az94w==}
    dependencies:
      '@aws-sdk/fetch-http-handler': 3.310.0
      '@aws-sdk/types': 3.310.0
      '@aws-sdk/util-base64': 3.310.0
      '@aws-sdk/util-hex-encoding': 3.310.0
      '@aws-sdk/util-utf8': 3.310.0
      tslib: 2.6.0
    dev: true

  /@aws-sdk/util-stream-node@3.321.1:
    resolution: {integrity: sha512-jvfff1zeA8q16hQWSC0BGwcHJPCwoh+bwiuAjihfl9q1tFLYuqaTzJzzkL1bntUsbW+y/ac5DO7fWcYPq0jWkw==}
    engines: {node: '>=14.0.0'}
    dependencies:
      '@aws-sdk/node-http-handler': 3.321.1
      '@aws-sdk/types': 3.310.0
      '@aws-sdk/util-buffer-from': 3.310.0
      tslib: 2.6.0
    dev: true

  /@aws-sdk/util-uri-escape@3.310.0:
    resolution: {integrity: sha512-drzt+aB2qo2LgtDoiy/3sVG8w63cgLkqFIa2NFlGpUgHFWTXkqtbgf4L5QdjRGKWhmZsnqkbtL7vkSWEcYDJ4Q==}
    engines: {node: '>=14.0.0'}
    dependencies:
      tslib: 2.6.0
    dev: true

  /@aws-sdk/util-user-agent-browser@3.310.0:
    resolution: {integrity: sha512-yU/4QnHHuQ5z3vsUqMQVfYLbZGYwpYblPiuZx4Zo9+x0PBkNjYMqctdDcrpoH9Z2xZiDN16AmQGK1tix117ZKw==}
    dependencies:
      '@aws-sdk/types': 3.310.0
      bowser: 2.11.0
      tslib: 2.6.0
    dev: true

  /@aws-sdk/util-user-agent-node@3.310.0:
    resolution: {integrity: sha512-Ra3pEl+Gn2BpeE7KiDGpi4zj7WJXZA5GXnGo3mjbi9+Y3zrbuhJAbdZO3mO/o7xDgMC6ph4xCTbaSGzU6b6EDg==}
    engines: {node: '>=14.0.0'}
    peerDependencies:
      aws-crt: '>=1.0.0'
    peerDependenciesMeta:
      aws-crt:
        optional: true
    dependencies:
      '@aws-sdk/node-config-provider': 3.310.0
      '@aws-sdk/types': 3.310.0
      tslib: 2.6.0
    dev: true

  /@aws-sdk/util-utf8-browser@3.259.0:
    resolution: {integrity: sha512-UvFa/vR+e19XookZF8RzFZBrw2EUkQWxiBW0yYQAhvk3C+QVGl0H3ouca8LDBlBfQKXwmW3huo/59H8rwb1wJw==}
    dependencies:
      tslib: 2.6.0
    dev: true

  /@aws-sdk/util-utf8@3.310.0:
    resolution: {integrity: sha512-DnLfFT8uCO22uOJc0pt0DsSNau1GTisngBCDw8jQuWT5CqogMJu4b/uXmwEqfj8B3GX6Xsz8zOd6JpRlPftQoA==}
    engines: {node: '>=14.0.0'}
    dependencies:
      '@aws-sdk/util-buffer-from': 3.310.0
      tslib: 2.6.0
    dev: true

  /@aws-sdk/util-waiter@3.310.0:
    resolution: {integrity: sha512-AV5j3guH/Y4REu+Qh3eXQU9igljHuU4XjX2sADAgf54C0kkhcCCkkiuzk3IsX089nyJCqIcj5idbjdvpnH88Vw==}
    engines: {node: '>=14.0.0'}
    dependencies:
      '@aws-sdk/abort-controller': 3.310.0
      '@aws-sdk/types': 3.310.0
      tslib: 2.6.0
    dev: true

  /@aws-sdk/xml-builder@3.310.0:
    resolution: {integrity: sha512-TqELu4mOuSIKQCqj63fGVs86Yh+vBx5nHRpWKNUNhB2nPTpfbziTs5c1X358be3peVWA4wPxW7Nt53KIg1tnNw==}
    engines: {node: '>=14.0.0'}
    dependencies:
      tslib: 2.6.0
    dev: true

  /@jotforminc/zenith@0.9.3:
    resolution: {integrity: sha512-iHs7pJDQcUJ/CnRVfqvstuuTrCJBSKG7aA9ttrh5WPvpfx8Tz1b5OUZjpfiLInyfDFgN5RmKpnJi0p8EY2k2pw==}
    hasBin: true
    dependencies:
      '@aws-sdk/client-s3': 3.326.0
      commander: 10.0.1
      typescript: 5.1.6
      unzipper: 0.10.11
      workerpool: 6.4.0
      zip-local: 0.3.5
    transitivePeerDependencies:
      - '@aws-sdk/signature-v4-crt'
      - aws-crt
    dev: true

  /async@1.5.2:
    resolution: {integrity: sha512-nSVgobk4rv61R9PUSDtYt7mPVB2olxNR5RWJcAsH676/ef11bUZwvu7+RGYrYauVdDPcO519v68wRhXQtxsV9w==}
    dev: true

  /balanced-match@1.0.2:
    resolution: {integrity: sha512-3oSeUO0TMV67hN1AmbXsK4yaqU7tjiHlbxRDZOpH0KW9+CeX4bRAaX0Anxt0tx2MrpRpWwQaPwIlISEJhYU5Pw==}
    dev: true

  /big-integer@1.6.51:
    resolution: {integrity: sha512-GPEid2Y9QU1Exl1rpO9B2IPJGHPSupF5GnVIP0blYvNOMer2bTvSWs1jGOUg04hTmu67nmLsQ9TBo1puaotBHg==}
    engines: {node: '>=0.6'}
    dev: true

  /binary@0.3.0:
    resolution: {integrity: sha512-D4H1y5KYwpJgK8wk1Cue5LLPgmwHKYSChkbspQg5JtVuR5ulGckxfR62H3AE9UDkdMC8yyXlqYihuz3Aqg2XZg==}
    dependencies:
      buffers: 0.1.1
      chainsaw: 0.1.0
    dev: true

  /bluebird@3.4.7:
    resolution: {integrity: sha512-iD3898SR7sWVRHbiQv+sHUtHnMvC1o3nW5rAcqnq3uOn07DSAppZYUkIGslDz6gXC7HfunPe7YVBgoEJASPcHA==}
    dev: true

  /bowser@2.11.0:
    resolution: {integrity: sha512-AlcaJBi/pqqJBIQ8U9Mcpc9i8Aqxn88Skv5d+xBX006BY5u8N3mGLHa5Lgppa7L/HfwgwLgZ6NYs+Ag6uUmJRA==}
    dev: true

  /brace-expansion@1.1.11:
    resolution: {integrity: sha512-iCuPHDFgrHX7H2vEI/5xpz07zSHB00TpugqhmYtVmMO6518mCuRMoOYFldEBl0g187ufozdaHgWKcYFb61qGiA==}
    dependencies:
      balanced-match: 1.0.2
      concat-map: 0.0.1
    dev: true

  /buffer-indexof-polyfill@1.0.2:
    resolution: {integrity: sha512-I7wzHwA3t1/lwXQh+A5PbNvJxgfo5r3xulgpYDB5zckTu/Z9oUK9biouBKQUjEqzaz3HnAT6TYoovmE+GqSf7A==}
    engines: {node: '>=0.10'}
    dev: true

  /buffers@0.1.1:
    resolution: {integrity: sha512-9q/rDEGSb/Qsvv2qvzIzdluL5k7AaJOTrw23z9reQthrbF7is4CtlT0DXyO1oei2DCp4uojjzQ7igaSHp1kAEQ==}
    engines: {node: '>=0.2.0'}
    dev: true

  /chainsaw@0.1.0:
    resolution: {integrity: sha512-75kWfWt6MEKNC8xYXIdRpDehRYY/tNSgwKaJq+dbbDcxORuVrrQ+SEHoWsniVn9XPYfP4gmdWIeDk/4YNp1rNQ==}
    dependencies:
      traverse: 0.3.9
    dev: true

  /commander@10.0.1:
    resolution: {integrity: sha512-y4Mg2tXshplEbSGzx7amzPwKKOCGuoSRP/CjEdwwk0FOGlUbq6lKuoyDZTNZkmxHdJtp54hdfY/JUrdL7Xfdug==}
    engines: {node: '>=14'}
    dev: true

  /concat-map@0.0.1:
    resolution: {integrity: sha512-/Srv4dswyQNBfohGpz9o6Yb3Gz3SrUDqBH5rTuhGR7ahtlbYKnVxw2bCFMRljaA7EXHaXZ8wsHdodFvbkhKmqg==}
    dev: true

  /core-util-is@1.0.3:
    resolution: {integrity: sha512-ZQBvi1DcpJ4GDqanjucZ2Hj3wEO5pZDS89BWbkcrvdxksJorwUDDZamX9ldFkp9aw2lmBDLgkObEA4DWNJ9FYQ==}
    dev: true

  /duplexer2@0.1.4:
    resolution: {integrity: sha512-asLFVfWWtJ90ZyOUHMqk7/S2w2guQKxUI2itj3d92ADHhxUSbCMGi1f1cBcJ7xM1To+pE/Khbwo1yuNbMEPKeA==}
    dependencies:
      readable-stream: 2.3.8
    dev: true

  /fast-xml-parser@4.1.2:
    resolution: {integrity: sha512-CDYeykkle1LiA/uqQyNwYpFbyF6Axec6YapmpUP+/RHWIoR1zKjocdvNaTsxCxZzQ6v9MLXaSYm9Qq0thv0DHg==}
    hasBin: true
    dependencies:
      strnum: 1.0.5
    dev: true

  /fs.realpath@1.0.0:
    resolution: {integrity: sha512-OO0pH2lK6a0hZnAdau5ItzHPI6pUlvI7jMVnxUQRtw4owF2wk8lOSabtGDCTP4Ggrg2MbGnWO9X8K1t4+fGMDw==}
    dev: true

  /fstream@1.0.12:
    resolution: {integrity: sha512-WvJ193OHa0GHPEL+AycEJgxvBEwyfRkN1vhjca23OaPVMCaLCXTd5qAu82AjTcgP1UJmytkOKb63Ypde7raDIg==}
    engines: {node: '>=0.6'}
    dependencies:
      graceful-fs: 4.2.11
      inherits: 2.0.4
      mkdirp: 0.5.6
      rimraf: 2.7.1
    dev: true

  /glob@7.2.3:
    resolution: {integrity: sha512-nFR0zLpU2YCaRxwoCJvL6UvCH2JFyFVIvwTLsIf21AuHlMskA1hhTdk+LlYJtOlYt9v6dvszD2BGRqBL+iQK9Q==}
    dependencies:
      fs.realpath: 1.0.0
      inflight: 1.0.6
      inherits: 2.0.4
      minimatch: 3.1.2
      once: 1.4.0
      path-is-absolute: 1.0.1
    dev: true

  /graceful-fs@4.2.11:
    resolution: {integrity: sha512-RbJ5/jmFcNNCcDV5o9eTnBLJ/HszWV0P73bc+Ff4nS/rJj+YaS6IGyiOL0VoBYX+l1Wrl3k63h/KrH+nhJ0XvQ==}
    dev: true

  /inflight@1.0.6:
    resolution: {integrity: sha512-k92I/b08q4wvFscXCLvqfsHCrjrF7yiXsQuIVvVE7N82W3+aqpzuUdBbfhWcy/FZR3/4IgflMgKLOsvPDrGCJA==}
    dependencies:
      once: 1.4.0
      wrappy: 1.0.2
    dev: true

  /inherits@2.0.4:
    resolution: {integrity: sha512-k/vGaX4/Yla3WzyMCvTQOXYeIHvqOKtnqBduzTHpzpQZzAskKMhZ2K+EnBiSM9zGSoIFeMpXKxa4dYeZIQqewQ==}
    dev: true

  /isarray@1.0.0:
    resolution: {integrity: sha512-VLghIWNM6ELQzo7zwmcg0NmTVyWKYjvIeM83yjp0wRDTmUnrM678fQbcKBo6n2CJEF0szoG//ytg+TKla89ALQ==}
    dev: true

  /jszip@2.7.0:
    resolution: {integrity: sha512-JIsRKRVC3gTRo2vM4Wy9WBC3TRcfnIZU8k65Phi3izkvPH975FowRYtKGT6PxevA0XnJ/yO8b0QwV0ydVyQwfw==}
    dependencies:
      pako: 1.0.11
    dev: true

  /listenercount@1.0.1:
    resolution: {integrity: sha512-3mk/Zag0+IJxeDrxSgaDPy4zZ3w05PRZeJNnlWhzFz5OkX49J4krc+A8X2d2M69vGMBEX0uyl8M+W+8gH+kBqQ==}
    dev: true

  /minimatch@3.1.2:
    resolution: {integrity: sha512-J7p63hRiAjw1NDEww1W7i37+ByIrOWO5XQQAzZ3VOcL0PNybwpfmV/N05zFAzwQ9USyEcX6t3UO+K5aqBQOIHw==}
    dependencies:
      brace-expansion: 1.1.11
    dev: true

  /minimist@1.2.8:
    resolution: {integrity: sha512-2yyAR8qBkN3YuheJanUpWC5U3bb5osDywNB8RzDVlDwDHbocAJveqqj1u8+SVD7jkWT4yvsHCpWqqWqAxb0zCA==}
    dev: true

  /mkdirp@0.5.6:
    resolution: {integrity: sha512-FP+p8RB8OWpF3YZBCrP5gtADmtXApB5AMLn+vdyA+PyxCjrCs00mjyUozssO33cwDeT3wNGdLxJ5M//YqtHAJw==}
    hasBin: true
    dependencies:
      minimist: 1.2.8
    dev: true

  /once@1.4.0:
    resolution: {integrity: sha512-lNaJgI+2Q5URQBkccEKHTQOPaXdUxnZZElQTZY0MFUAuaEqe1E+Nyvgdz/aIyNi6Z9MzO5dv1H8n58/GELp3+w==}
    dependencies:
      wrappy: 1.0.2
    dev: true

  /pako@1.0.11:
    resolution: {integrity: sha512-4hLB8Py4zZce5s4yd9XzopqwVv/yGNhV1Bl8NTmCq1763HeK2+EwVTv+leGeL13Dnh2wfbqowVPXCIO0z4taYw==}
    dev: true

  /path-is-absolute@1.0.1:
    resolution: {integrity: sha512-AVbw3UJ2e9bq64vSaS9Am0fje1Pa8pbGqTTsmXfaIiMpnr5DlDhfJOuLj9Sf95ZPVDAUerDfEk88MPmPe7UCQg==}
    engines: {node: '>=0.10.0'}
    dev: true

  /process-nextick-args@2.0.1:
    resolution: {integrity: sha512-3ouUOpQhtgrbOa17J7+uxOTpITYWaGP7/AhoR3+A+/1e9skrzelGi/dXzEYyvbxubEF6Wn2ypscTKiKJFFn1ag==}
    dev: true

  /q@1.5.1:
    resolution: {integrity: sha512-kV/CThkXo6xyFEZUugw/+pIOywXcDbFYgSct5cT3gqlbkBE1SJdwy6UQoZvodiWF/ckQLZyDE/Bu1M6gVu5lVw==}
    engines: {node: '>=0.6.0', teleport: '>=0.2.0'}
    dev: true

  /readable-stream@2.3.8:
    resolution: {integrity: sha512-8p0AUk4XODgIewSi0l8Epjs+EVnWiK7NoDIEGU0HhE7+ZyY8D1IMY7odu5lRrFXGg71L15KG8QrPmum45RTtdA==}
    dependencies:
      core-util-is: 1.0.3
      inherits: 2.0.4
      isarray: 1.0.0
      process-nextick-args: 2.0.1
      safe-buffer: 5.1.2
      string_decoder: 1.1.1
      util-deprecate: 1.0.2
    dev: true

  /rimraf@2.7.1:
    resolution: {integrity: sha512-uWjbaKIK3T1OSVptzX7Nl6PvQ3qAGtKEtVRjRuazjfL3Bx5eI409VZSqgND+4UNnmzLVdPj9FqFJNPqBZFve4w==}
    hasBin: true
    dependencies:
      glob: 7.2.3
    dev: true

  /safe-buffer@5.1.2:
    resolution: {integrity: sha512-Gd2UZBJDkXlY7GbJxfsE8/nvKkUEU1G38c1siN6QP6a9PT9MmHB8GnpscSmMJSoF8LOIrt8ud/wPtojys4G6+g==}
    dev: true

  /setimmediate@1.0.5:
    resolution: {integrity: sha512-MATJdZp8sLqDl/68LfQmbP8zKPLQNV6BIZoIgrscFDQ+RsvK/BxeDQOgyxKKoh0y/8h3BqVFnCqQ/gd+reiIXA==}
    dev: true

  /string_decoder@1.1.1:
    resolution: {integrity: sha512-n/ShnvDi6FHbbVfviro+WojiFzv+s8MPMHBczVePfUpDJLwoLT0ht1l4YwBCbi8pJAveEEdnkHyPyTP/mzRfwg==}
    dependencies:
      safe-buffer: 5.1.2
    dev: true

  /strnum@1.0.5:
    resolution: {integrity: sha512-J8bbNyKKXl5qYcR36TIO8W3mVGVHrmmxsd5PAItGkmyzwJvybiw2IVq5nqd0i4LSNSkB/sx9VHllbfFdr9k1JA==}
    dev: true

  /traverse@0.3.9:
    resolution: {integrity: sha512-iawgk0hLP3SxGKDfnDJf8wTz4p2qImnyihM5Hh/sGvQ3K37dPi/w8sRhdNIxYA1TwFwc5mDhIJq+O0RsvXBKdQ==}
    dev: true

  /tslib@1.14.1:
    resolution: {integrity: sha512-Xni35NKzjgMrwevysHTCArtLDpPvye8zV/0E4EyYn43P7/7qvQwPh9BGkHewbMulVntbigmcT7rdX3BNo9wRJg==}
    dev: true

  /tslib@2.6.0:
    resolution: {integrity: sha512-7At1WUettjcSRHXCyYtTselblcHl9PJFFVKiCAy/bY97+BPZXSQ2wbq0P9s8tK2G7dFQfNnlJnPAiArVBVBsfA==}
    dev: true

  /typescript@5.1.6:
    resolution: {integrity: sha512-zaWCozRZ6DLEWAWFrVDz1H6FVXzUSfTy5FUMWsQlU8Ym5JP9eO4xkTIROFCQvhQf61z6O/G6ugw3SgAnvvm+HA==}
    engines: {node: '>=14.17'}
    hasBin: true
    dev: true

  /unzipper@0.10.11:
    resolution: {integrity: sha512-+BrAq2oFqWod5IESRjL3S8baohbevGcVA+teAIOYWM3pDVdseogqbzhhvvmiyQrUNKFUnDMtELW3X8ykbyDCJw==}
    dependencies:
      big-integer: 1.6.51
      binary: 0.3.0
      bluebird: 3.4.7
      buffer-indexof-polyfill: 1.0.2
      duplexer2: 0.1.4
      fstream: 1.0.12
      graceful-fs: 4.2.11
      listenercount: 1.0.1
      readable-stream: 2.3.8
      setimmediate: 1.0.5
    dev: true

  /util-deprecate@1.0.2:
    resolution: {integrity: sha512-EPD5q1uXyFxJpCrLnCc1nHnq3gOa6DZBocAIiI2TaSCA7VCJ1UJDMagCzIkXNsUYfD1daK//LTEQ8xiIbrHtcw==}
    dev: true

  /uuid@8.3.2:
    resolution: {integrity: sha512-+NYs2QeMWy+GWFOEm9xnn6HCDp0l7QBD7ml8zLUmJ+93Q5NF0NocErnwkTkXVFNiX3/fpC6afS8Dhb/gz7R7eg==}
    hasBin: true
    dev: true

  /workerpool@6.4.0:
    resolution: {integrity: sha512-i3KR1mQMNwY2wx20ozq2EjISGtQWDIfV56We+yGJ5yDs8jTwQiLLaqHlkBHITlCuJnYlVRmXegxFxZg7gqI++A==}
    dev: true

  /wrappy@1.0.2:
    resolution: {integrity: sha512-l4Sp/DRseor9wL6EvV2+TuQn63dMkPjZ/sp9XkghTEbV9KlPS1xUsZ3u7/IQO4wxtcFB4bgpQPRcR3QCvezPcQ==}
    dev: true

  /zip-local@0.3.5:
    resolution: {integrity: sha512-GRV3D5TJY+/PqyeRm5CYBs7xVrKTKzljBoEXvocZu0HJ7tPEcgpSOYa2zFIsCZWgKWMuc4U3yMFgFkERGFIB9w==}
    dependencies:
      async: 1.5.2
      graceful-fs: 4.2.11
      jszip: 2.7.0
      q: 1.5.1
    dev: true
